
Microsoft Visual Studio Solution File, Format Version 12.00
# Visual Studio Version 16
VisualStudioVersion = 16.0.29418.71
MinimumVisualStudioVersion = 10.0.40219.1
Project("{FAE04EC0-301F-11D3-BF4B-00C04F79EFBC}") = "TimerPlus", "TimerPlus\TimerPlus.csproj", "{DD6F725E-433B-4BED-A2E7-4CB0E3742687}"
EndProject
Global
	GlobalSection(SolutionConfigurationPlatforms) = preSolution
		Debug|Any CPU = Debug|Any CPU
		Release|Any CPU = Release|Any CPU
	EndGlobalSection
	GlobalSection(ProjectConfigurationPlatforms) = postSolution
		{DD6F725E-433B-4BED-A2E7-4CB0E3742687}.Debug|Any CPU.ActiveCfg = Debug|Any CPU
		{DD6F725E-433B-4BED-A2E7-4CB0E3742687}.Debug|Any CPU.Build.0 = Debug|Any CPU
		{DD6F725E-433B-4BED-A2E7-4CB0E3742687}.Release|Any CPU.ActiveCfg = Release|Any CPU
		{DD6F725E-433B-4BED-A2E7-4CB0E3742687}.Release|Any CPU.Build.0 = Release|Any CPU
	EndGlobalSection
	GlobalSection(SolutionProperties) = preSolution
		HideSolutionNode = FALSE
	EndGlobalSection
	GlobalSection(ExtensibilityGlobals) = postSolution
		SolutionGuid = {A3B94BDF-B556-462D-BC90-EDF8D962E5B8}
	EndGlobalSection
EndGlobal
